[root]
name = "hello_world_cargo"
version = "0.0.1"
dependencies = [
 "color 0.0.2 (git+https://github.com/bjz/color-rs.git)",
]

[[package]]
name = "color"
version = "0.0.2"
source = "git+https://github.com/bjz/color-rs.git#f4505401701f33cc92e2bd759f46e27ec69e1465"
dependencies = [
 "num 0.1.22 (registry+https://github.com/rust-lang/crates.io-index)",
]

[[package]]
name = "libc"
version = "0.1.6"
source = "registry+https://github.com/rust-lang/crates.io-index"

[[package]]
name = "log"
version = "0.3.1"
source = "registry+https://github.com/rust-lang/crates.io-index"
dependencies = [
 "libc 0.1.6 (registry+https://github.com/rust-lang/crates.io-index)",
]

[[package]]
name = "num"
version = "0.1.22"
source = "registry+https://github.com/rust-lang/crates.io-index"
dependencies = [
 "rand 0.3.7 (registry+https://github.com/rust-lang/crates.io-index)",
 "rustc-serialize 0.3.12 (registry+https://github.com/rust-lang/crates.io-index)",
]

[[package]]
name = "rand"
version = "0.3.7"
source = "registry+https://github.com/rust-lang/crates.io-index"
dependencies = [
 "libc 0.1.6 (registry+https://github.com/rust-lang/crates.io-index)",
 "log 0.3.1 (registry+https://github.com/rust-lang/crates.io-index)",
]

[[package]]
name = "rustc-serialize"
version = "0.3.12"
source = "registry+https://github.com/rust-lang/crates.io-index"

